[[package]]
category = "main"
description = ""
name = "cipheycore"
optional = false
python-versions = ">=3.5,<4.0"
version = "0.3.0rc4"

[[package]]
category = "main"
description = "A collection of distributions, character sets and dictionaries for use in ciphey"
name = "cipheydists"
optional = false
python-versions = ">=3.5,<4.0"
version = "0.1.3"

[[package]]
category = "main"
description = "Display unicode character properties"
name = "unicode"
optional = false
python-versions = "*"
version = "2.7"

[metadata]
content-hash = "416f3f73c99986181e7e39eb26ed4b1fa1ddb012b58e83709cd5f05457aeeb48"
python-versions = "^3.8"

[metadata.files]
cipheycore = [
    {file = "cipheycore-0.3.0rc4-cp35-cp35m-manylinux2014_x86_64.whl", hash = "sha256:cec3e51d0b344b51c1407ef0367771912cab306b5e65f995ba21d3d8c803559c"},
    {file = "cipheycore-0.3.0rc4-cp35-cp35m-win_amd64.whl", hash = "sha256:bb6166e227d3d6f4caf7e89882897e5113dd1d59362d2e5215ab02d45f0863ac"},
    {file = "cipheycore-0.3.0rc4-cp36-cp36m-manylinux2014_x86_64.whl", hash = "sha256:87fe52c148c89703572005a980cc47aca9d8ab0ed1d946a77cc9ab0d5956d6e5"},
    {file = "cipheycore-0.3.0rc4-cp36-cp36m-win_amd64.whl", hash = "sha256:94a6dfbba34f8eeeb40f80f5518dcebff6086cedd9aad9ca0c71f6a1a8531f7a"},
    {file = "cipheycore-0.3.0rc4-cp37-cp37m-macosx_10_15_x86_64.whl", hash = "sha256:9dec92d13b35463f56a46f6eb63baa7ed0e651bfb79a5479cc19b355ea834e2f"},
    {file = "cipheycore-0.3.0rc4-cp37-cp37m-manylinux2014_x86_64.whl", hash = "sha256:1be705e0820067932d7a1b660b08dfa18bc2a1f824f9af3dbfbc40b5a620031e"},
    {file = "cipheycore-0.3.0rc4-cp37-cp37m-win_amd64.whl", hash = "sha256:a658afee1c6b62adb5fc3941b875357f43aae58accbda52828870055734f8c0a"},
    {file = "cipheycore-0.3.0rc4-cp38-cp38-macosx_10_15_x86_64.whl", hash = "sha256:1954ae296149081a34b53dd85d1c2562669132262e93539b6575bf6bdd1805b6"},
    {file = "cipheycore-0.3.0rc4-cp38-cp38-manylinux2014_x86_64.whl", hash = "sha256:8a9400901f276e4e25f6b74a5ecc718baee77881b930ab09e6665d58d5a1f21b"},
    {file = "cipheycore-0.3.0rc4-cp38-cp38-win_amd64.whl", hash = "sha256:a47d28b4bb202a06740f50cd9f176cd610a4108c95ee0990205422c7bf92cd39"},
]
cipheydists = [
    {file = "cipheydists-0.1.3-py3-none-any.whl", hash = "sha256:d6f2632b3cd895ae5b36a30a85d21c55157426a5371bd60f70a6f7af9a3edb15"},
    {file = "cipheydists-0.1.3.tar.gz", hash = "sha256:54f913171d96e70d05348406bbb497cb32c25f31398a0aca7eb006d20110c852"},
]
unicode = [
    {file = "unicode-2.7-py2.py3-none-any.whl", hash = "sha256:50ffc265ef115e420194338879b8ca260b0d78a1c91e149cc36a3a33f1341adc"},
    {file = "unicode-2.7.tar.gz", hash = "sha256:72e4083667dd4180015c86f640e826d3f57bb10f8f16a33b3eca12aa0390f58b"},
]
