[[package]]
category = "main"
description = ""
name = "cipheycore"
optional = false
python-versions = ">=3.5,<4.0"
version = "0.3.1"

[[package]]
category = "main"
description = "A collection of distributions, character sets and dictionaries for use in ciphey"
name = "cipheydists"
optional = false
python-versions = ">=3.5,<4.0"
version = "0.1.3"

[[package]]
category = "main"
description = "Display unicode character properties"
name = "unicode"
optional = false
python-versions = "*"
version = "2.7"

[metadata]
content-hash = "416f3f73c99986181e7e39eb26ed4b1fa1ddb012b58e83709cd5f05457aeeb48"
lock-version = "1.0"
python-versions = "^3.8"

[metadata.files]
cipheycore = [
    {file = "cipheycore-0.3.1-cp35-cp35m-manylinux2014_x86_64.whl", hash = "sha256:cc65251f0a66aaaaf034d115a8b8e99081f97f5330bbd6ead13722ee30d0fa8a"},
    {file = "cipheycore-0.3.1-cp35-cp35m-win_amd64.whl", hash = "sha256:264bae721b938b6c4f2f646e7345abe3495801adcddbe59a19a4d3d4f3182234"},
    {file = "cipheycore-0.3.1-cp36-cp36m-manylinux2014_x86_64.whl", hash = "sha256:4253356201dc894881aa85aa495edf42f33c08dc1737f4190db9d2046bdbb396"},
    {file = "cipheycore-0.3.1-cp36-cp36m-win_amd64.whl", hash = "sha256:0459c41fdaf84237f6747973c213fe5e6e325ea348478d53900393722dc2ca3d"},
    {file = "cipheycore-0.3.1-cp37-cp37m-macosx_10_15_x86_64.whl", hash = "sha256:c2ec5e3c8d08b9f72ca427b00daa840a46dce720e8c2f2d2eb6e6b164fbbcdbf"},
    {file = "cipheycore-0.3.1-cp37-cp37m-manylinux2014_x86_64.whl", hash = "sha256:7bf313589dc3aacc34a1d7a14a232f4d2aa9a63336cef9f7b52ad21e8b0da75c"},
    {file = "cipheycore-0.3.1-cp37-cp37m-win_amd64.whl", hash = "sha256:fa87d6a1bc066e6f845923ca886f940737d9111e7e73443269e143c7f80344cf"},
    {file = "cipheycore-0.3.1-cp38-cp38-macosx_10_15_x86_64.whl", hash = "sha256:370eecd7c8e17799f68a7f9e9849577b5ee1a1685c6d6b1463b833c923497528"},
    {file = "cipheycore-0.3.1-cp38-cp38-manylinux2014_x86_64.whl", hash = "sha256:7363060fa52728e1cd70f41eb429a3da31a7fd761a89f4bcfa456717b5743e29"},
    {file = "cipheycore-0.3.1-cp38-cp38-win_amd64.whl", hash = "sha256:08016dbafcb0fab5ec46c575c998ae7ec73a3cece2e2c50cadc1c8cc126bd8a2"},
]
cipheydists = [
    {file = "cipheydists-0.1.3-py3-none-any.whl", hash = "sha256:d6f2632b3cd895ae5b36a30a85d21c55157426a5371bd60f70a6f7af9a3edb15"},
    {file = "cipheydists-0.1.3.tar.gz", hash = "sha256:54f913171d96e70d05348406bbb497cb32c25f31398a0aca7eb006d20110c852"},
]
unicode = [
    {file = "unicode-2.7-py2.py3-none-any.whl", hash = "sha256:50ffc265ef115e420194338879b8ca260b0d78a1c91e149cc36a3a33f1341adc"},
    {file = "unicode-2.7.tar.gz", hash = "sha256:72e4083667dd4180015c86f640e826d3f57bb10f8f16a33b3eca12aa0390f58b"},
]
