[[package]]
name = "cipheycore"
version = "0.3.1"
description = ""
category = "main"
optional = false
python-versions = ">=3.5,<4.0"

[[package]]
name = "cipheydists"
version = "0.3.32"
description = "A collection of distributions, character sets and dictionaries for use in ciphey"
category = "main"
optional = false
python-versions = ">=3.5,<4.0"

[[package]]
name = "click"
version = "7.1.2"
description = "Composable command line interface toolkit"
category = "main"
optional = false
python-versions = ">=2.7, !=3.0.*, !=3.1.*, !=3.2.*, !=3.3.*, !=3.4.*"

[[package]]
name = "colorama"
version = "0.4.3"
description = "Cross-platform colored terminal text."
category = "main"
optional = false
python-versions = ">=2.7, !=3.0.*, !=3.1.*, !=3.2.*, !=3.3.*, !=3.4.*"

[[package]]
name = "commonmark"
version = "0.9.1"
description = "Python parser for the CommonMark Markdown spec"
category = "main"
optional = false
python-versions = "*"

[package.extras]
test = ["flake8 (3.7.8)", "hypothesis (3.55.3)"]

[[package]]
name = "joblib"
version = "0.17.0"
description = "Lightweight pipelining: using Python functions as pipeline jobs."
category = "main"
optional = false
python-versions = ">=3.6"

[[package]]
name = "nltk"
version = "3.5"
description = "Natural Language Toolkit"
category = "main"
optional = false
python-versions = "*"

[package.dependencies]
click = "*"
joblib = "*"
regex = "*"
tqdm = "*"

[package.extras]
all = ["requests", "numpy", "python-crfsuite", "scikit-learn", "twython", "pyparsing", "scipy", "matplotlib", "gensim"]
corenlp = ["requests"]
machine_learning = ["gensim", "numpy", "python-crfsuite", "scikit-learn", "scipy"]
plot = ["matplotlib"]
tgrep = ["pyparsing"]
twitter = ["twython"]

[[package]]
name = "pygments"
version = "2.7.1"
description = "Pygments is a syntax highlighting package written in Python."
category = "main"
optional = false
python-versions = ">=3.5"

[[package]]
name = "regex"
version = "2020.9.27"
description = "Alternative regular expression module, to replace re."
category = "main"
optional = false
python-versions = "*"

[[package]]
name = "rich"
version = "8.0.0"
description = "Render rich text, tables, progress bars, syntax highlighting, markdown and more to the terminal"
category = "main"
optional = false
python-versions = ">=3.6,<4.0"

[package.dependencies]
colorama = ">=0.4.0,<0.5.0"
commonmark = ">=0.9.0,<0.10.0"
pygments = ">=2.6.0,<3.0.0"
typing-extensions = ">=3.7.4,<4.0.0"

[package.extras]
jupyter = ["ipywidgets (>=7.5.1,<8.0.0)"]

[[package]]
name = "tqdm"
version = "4.50.1"
description = "Fast, Extensible Progress Meter"
category = "main"
optional = false
python-versions = ">=2.6, !=3.0.*, !=3.1.*"

[package.extras]
dev = ["py-make (>=0.1.0)", "twine", "argopt", "pydoc-markdown"]

[[package]]
name = "typing-extensions"
version = "3.7.4.3"
description = "Backported and Experimental Type Hints for Python 3.5+"
category = "main"
optional = false
python-versions = "*"

[[package]]
name = "unicode"
version = "2.7"
description = "Display unicode character properties"
category = "main"
optional = false
python-versions = "*"

[metadata]
lock-version = "1.1"
python-versions = "^3.8"
content-hash = "bc1815da0e7459305077c6589ca2eb41dc08dc0563458f84f2dd6da2616f785e"

[metadata.files]
cipheycore = [
    {file = "cipheycore-0.3.1-cp35-cp35m-manylinux2014_x86_64.whl", hash = "sha256:cc65251f0a66aaaaf034d115a8b8e99081f97f5330bbd6ead13722ee30d0fa8a"},
    {file = "cipheycore-0.3.1-cp35-cp35m-win_amd64.whl", hash = "sha256:264bae721b938b6c4f2f646e7345abe3495801adcddbe59a19a4d3d4f3182234"},
    {file = "cipheycore-0.3.1-cp36-cp36m-manylinux2014_x86_64.whl", hash = "sha256:4253356201dc894881aa85aa495edf42f33c08dc1737f4190db9d2046bdbb396"},
    {file = "cipheycore-0.3.1-cp36-cp36m-win_amd64.whl", hash = "sha256:0459c41fdaf84237f6747973c213fe5e6e325ea348478d53900393722dc2ca3d"},
    {file = "cipheycore-0.3.1-cp37-cp37m-macosx_10_15_x86_64.whl", hash = "sha256:c2ec5e3c8d08b9f72ca427b00daa840a46dce720e8c2f2d2eb6e6b164fbbcdbf"},
    {file = "cipheycore-0.3.1-cp37-cp37m-manylinux2014_x86_64.whl", hash = "sha256:7bf313589dc3aacc34a1d7a14a232f4d2aa9a63336cef9f7b52ad21e8b0da75c"},
    {file = "cipheycore-0.3.1-cp37-cp37m-win_amd64.whl", hash = "sha256:fa87d6a1bc066e6f845923ca886f940737d9111e7e73443269e143c7f80344cf"},
    {file = "cipheycore-0.3.1-cp38-cp38-macosx_10_15_x86_64.whl", hash = "sha256:370eecd7c8e17799f68a7f9e9849577b5ee1a1685c6d6b1463b833c923497528"},
    {file = "cipheycore-0.3.1-cp38-cp38-manylinux2014_x86_64.whl", hash = "sha256:7363060fa52728e1cd70f41eb429a3da31a7fd761a89f4bcfa456717b5743e29"},
    {file = "cipheycore-0.3.1-cp38-cp38-win_amd64.whl", hash = "sha256:08016dbafcb0fab5ec46c575c998ae7ec73a3cece2e2c50cadc1c8cc126bd8a2"},
]
cipheydists = [
    {file = "cipheydists-0.3.32-py3-none-any.whl", hash = "sha256:ee698a3335f5e53eab035d945e5a8331b03eb47c3546dd2d3fc9756ef3b7c814"},
    {file = "cipheydists-0.3.32.tar.gz", hash = "sha256:4d13ed7292b4bb1e6b810d622f380a12878ac88aaa36e656f74bf02eeb511739"},
]
click = [
    {file = "click-7.1.2-py2.py3-none-any.whl", hash = "sha256:dacca89f4bfadd5de3d7489b7c8a566eee0d3676333fbb50030263894c38c0dc"},
    {file = "click-7.1.2.tar.gz", hash = "sha256:d2b5255c7c6349bc1bd1e59e08cd12acbbd63ce649f2588755783aa94dfb6b1a"},
]
colorama = [
    {file = "colorama-0.4.3-py2.py3-none-any.whl", hash = "sha256:7d73d2a99753107a36ac6b455ee49046802e59d9d076ef8e47b61499fa29afff"},
    {file = "colorama-0.4.3.tar.gz", hash = "sha256:e96da0d330793e2cb9485e9ddfd918d456036c7149416295932478192f4436a1"},
]
commonmark = [
    {file = "commonmark-0.9.1-py2.py3-none-any.whl", hash = "sha256:da2f38c92590f83de410ba1a3cbceafbc74fee9def35f9251ba9a971d6d66fd9"},
    {file = "commonmark-0.9.1.tar.gz", hash = "sha256:452f9dc859be7f06631ddcb328b6919c67984aca654e5fefb3914d54691aed60"},
]
joblib = [
    {file = "joblib-0.17.0-py3-none-any.whl", hash = "sha256:698c311779f347cf6b7e6b8a39bb682277b8ee4aba8cf9507bc0cf4cd4737b72"},
    {file = "joblib-0.17.0.tar.gz", hash = "sha256:9e284edd6be6b71883a63c9b7f124738a3c16195513ad940eae7e3438de885d5"},
]
nltk = [
    {file = "nltk-3.5.zip", hash = "sha256:845365449cd8c5f9731f7cb9f8bd6fd0767553b9d53af9eb1b3abf7700936b35"},
]
pygments = [
    {file = "Pygments-2.7.1-py3-none-any.whl", hash = "sha256:307543fe65c0947b126e83dd5a61bd8acbd84abec11f43caebaf5534cbc17998"},
    {file = "Pygments-2.7.1.tar.gz", hash = "sha256:926c3f319eda178d1bd90851e4317e6d8cdb5e292a3386aac9bd75eca29cf9c7"},
]
regex = [
    {file = "regex-2020.9.27-cp27-cp27m-win32.whl", hash = "sha256:d23a18037313714fb3bb5a94434d3151ee4300bae631894b1ac08111abeaa4a3"},
    {file = "regex-2020.9.27-cp27-cp27m-win_amd64.whl", hash = "sha256:84e9407db1b2eb368b7ecc283121b5e592c9aaedbe8c78b1a2f1102eb2e21d19"},
    {file = "regex-2020.9.27-cp36-cp36m-manylinux1_i686.whl", hash = "sha256:5f18875ac23d9aa2f060838e8b79093e8bb2313dbaaa9f54c6d8e52a5df097be"},
    {file = "regex-2020.9.27-cp36-cp36m-manylinux1_x86_64.whl", hash = "sha256:ae91972f8ac958039920ef6e8769277c084971a142ce2b660691793ae44aae6b"},
    {file = "regex-2020.9.27-cp36-cp36m-manylinux2010_i686.whl", hash = "sha256:9a02d0ae31d35e1ec12a4ea4d4cca990800f66a917d0fb997b20fbc13f5321fc"},
    {file = "regex-2020.9.27-cp36-cp36m-manylinux2010_x86_64.whl", hash = "sha256:ebbe29186a3d9b0c591e71b7393f1ae08c83cb2d8e517d2a822b8f7ec99dfd8b"},
    {file = "regex-2020.9.27-cp36-cp36m-win32.whl", hash = "sha256:4707f3695b34335afdfb09be3802c87fa0bc27030471dbc082f815f23688bc63"},
    {file = "regex-2020.9.27-cp36-cp36m-win_amd64.whl", hash = "sha256:9bc13e0d20b97ffb07821aa3e113f9998e84994fe4d159ffa3d3a9d1b805043b"},
    {file = "regex-2020.9.27-cp37-cp37m-manylinux1_i686.whl", hash = "sha256:f1b3afc574a3db3b25c89161059d857bd4909a1269b0b3cb3c904677c8c4a3f7"},
    {file = "regex-2020.9.27-cp37-cp37m-manylinux1_x86_64.whl", hash = "sha256:5533a959a1748a5c042a6da71fe9267a908e21eded7a4f373efd23a2cbdb0ecc"},
    {file = "regex-2020.9.27-cp37-cp37m-manylinux2010_i686.whl", hash = "sha256:1fe0a41437bbd06063aa184c34804efa886bcc128222e9916310c92cd54c3b4c"},
    {file = "regex-2020.9.27-cp37-cp37m-manylinux2010_x86_64.whl", hash = "sha256:c570f6fa14b9c4c8a4924aaad354652366577b4f98213cf76305067144f7b100"},
    {file = "regex-2020.9.27-cp37-cp37m-win32.whl", hash = "sha256:eda4771e0ace7f67f58bc5b560e27fb20f32a148cbc993b0c3835970935c2707"},
    {file = "regex-2020.9.27-cp37-cp37m-win_amd64.whl", hash = "sha256:60b0e9e6dc45683e569ec37c55ac20c582973841927a85f2d8a7d20ee80216ab"},
    {file = "regex-2020.9.27-cp38-cp38-manylinux1_i686.whl", hash = "sha256:088afc8c63e7bd187a3c70a94b9e50ab3f17e1d3f52a32750b5b77dbe99ef5ef"},
    {file = "regex-2020.9.27-cp38-cp38-manylinux1_x86_64.whl", hash = "sha256:eaf548d117b6737df379fdd53bdde4f08870e66d7ea653e230477f071f861121"},
    {file = "regex-2020.9.27-cp38-cp38-manylinux2010_i686.whl", hash = "sha256:41bb65f54bba392643557e617316d0d899ed5b4946dccee1cb6696152b29844b"},
    {file = "regex-2020.9.27-cp38-cp38-manylinux2010_x86_64.whl", hash = "sha256:8d69cef61fa50c8133382e61fd97439de1ae623fe943578e477e76a9d9471637"},
    {file = "regex-2020.9.27-cp38-cp38-win32.whl", hash = "sha256:f2388013e68e750eaa16ccbea62d4130180c26abb1d8e5d584b9baf69672b30f"},
    {file = "regex-2020.9.27-cp38-cp38-win_amd64.whl", hash = "sha256:4318d56bccfe7d43e5addb272406ade7a2274da4b70eb15922a071c58ab0108c"},
    {file = "regex-2020.9.27.tar.gz", hash = "sha256:a6f32aea4260dfe0e55dc9733ea162ea38f0ea86aa7d0f77b15beac5bf7b369d"},
]
rich = [
    {file = "rich-8.0.0-py3-none-any.whl", hash = "sha256:3c5e4bb1e48c647bc75bc4ae7c125d399bec5b6ed2a319f0d447361635f02a9a"},
    {file = "rich-8.0.0.tar.gz", hash = "sha256:1b5023d2241e6552a24ddfe830a853fc8e53da4e6a6ed6c7105bb262593edf97"},
]
tqdm = [
    {file = "tqdm-4.50.1-py2.py3-none-any.whl", hash = "sha256:5313148c57fcca7df562187903cf9cfa30fe1df2fe0641ea6ddb8ef9e841a137"},
    {file = "tqdm-4.50.1.tar.gz", hash = "sha256:b04bbbc52a7f1e3665eaa310f34c6ebbdf058bd3f6251fd64c6ab831817121ea"},
]
typing-extensions = [
    {file = "typing_extensions-3.7.4.3-py2-none-any.whl", hash = "sha256:dafc7639cde7f1b6e1acc0f457842a83e722ccca8eef5270af2d74792619a89f"},
    {file = "typing_extensions-3.7.4.3-py3-none-any.whl", hash = "sha256:7cb407020f00f7bfc3cb3e7881628838e69d8f3fcab2f64742a5e76b2f841918"},
    {file = "typing_extensions-3.7.4.3.tar.gz", hash = "sha256:99d4073b617d30288f569d3f13d2bd7548c3a7e4c8de87db09a9d29bb3a4a60c"},
]
unicode = [
    {file = "unicode-2.7-py2.py3-none-any.whl", hash = "sha256:50ffc265ef115e420194338879b8ca260b0d78a1c91e149cc36a3a33f1341adc"},
    {file = "unicode-2.7.tar.gz", hash = "sha256:72e4083667dd4180015c86f640e826d3f57bb10f8f16a33b3eca12aa0390f58b"},
]
